// !$*UTF8*$!
{
	archiveVersion = 1;
	classes = {
	};
	objectVersion = 56;
	objects = {

/* Begin PBXBuildFile section */
		3D725BD02A32D95E003AA6AB /* Core in Frameworks */ = {isa = PBXBuildFile; productRef = 3D725BCF2A32D95E003AA6AB /* Core */; };
		3D78C7C82A32D73E004B7660 /* AppDelegate.swift in Sources */ = {isa = PBXBuildFile; fileRef = 3D78C7C72A32D73E004B7660 /* AppDelegate.swift */; };
		3D78C7CA2A32D73E004B7660 /* SceneDelegate.swift in Sources */ = {isa = PBXBuildFile; fileRef = 3D78C7C92A32D73E004B7660 /* SceneDelegate.swift */; };
		3D78C7CC2A32D73E004B7660 /* ViewController.swift in Sources */ = {isa = PBXBuildFile; fileRef = 3D78C7CB2A32D73E004B7660 /* ViewController.swift */; };
		3D78C7CF2A32D73E004B7660 /* Main.storyboard in Resources */ = {isa = PBXBuildFile; fileRef = 3D78C7CD2A32D73E004B7660 /* Main.storyboard */; };
		3D78C7D12A32D73F004B7660 /* Assets.xcassets in Resources */ = {isa = PBXBuildFile; fileRef = 3D78C7D02A32D73F004B7660 /* Assets.xcassets */; };
		3D78C7D42A32D73F004B7660 /* LaunchScreen.storyboard in Resources */ = {isa = PBXBuildFile; fileRef = 3D78C7D22A32D73F004B7660 /* LaunchScreen.storyboard */; };
		532A7160A3AC79A6C007C015 /* Pods_ExcludedArchDemo.framework in Frameworks */ = {isa = PBXBuildFile; fileRef = DE4410243073DA7DCAEB3A9B /* Pods_ExcludedArchDemo.framework */; };
/* End PBXBuildFile section */

/* Begin PBXFileReference section */
		3D78C7C42A32D73E004B7660 /* ExcludedArchDemo.app */ = {isa = PBXFileReference; explicitFileType = wrapper.application; includeInIndex = 0; path = ExcludedArchDemo.app; sourceTree = BUILT_PRODUCTS_DIR; };
		3D78C7C72A32D73E004B7660 /* AppDelegate.swift */ = {isa = PBXFileReference; lastKnownFileType = sourcecode.swift; path = AppDelegate.swift; sourceTree = "<group>"; };
		3D78C7C92A32D73E004B7660 /* SceneDelegate.swift */ = {isa = PBXFileReference; lastKnownFileType = sourcecode.swift; path = SceneDelegate.swift; sourceTree = "<group>"; };
		3D78C7CB2A32D73E004B7660 /* ViewController.swift */ = {isa = PBXFileReference; lastKnownFileType = sourcecode.swift; path = ViewController.swift; sourceTree = "<group>"; };
		3D78C7CE2A32D73E004B7660 /* Base */ = {isa = PBXFileReference; lastKnownFileType = file.storyboard; name = Base; path = Base.lproj/Main.storyboard; sourceTree = "<group>"; };
		3D78C7D02A32D73F004B7660 /* Assets.xcassets */ = {isa = PBXFileReference; lastKnownFileType = folder.assetcatalog; path = Assets.xcassets; sourceTree = "<group>"; };
		3D78C7D32A32D73F004B7660 /* Base */ = {isa = PBXFileReference; lastKnownFileType = file.storyboard; name = Base; path = Base.lproj/LaunchScreen.storyboard; sourceTree = "<group>"; };
		3D78C7D52A32D73F004B7660 /* Info.plist */ = {isa = PBXFileReference; lastKnownFileType = text.plist.xml; path = Info.plist; sourceTree = "<group>"; };
		878670B4A2677A79EA79F29A /* Pods-ExcludedArchDemo.debug.xcconfig */ = {isa = PBXFileReference; includeInIndex = 1; lastKnownFileType = text.xcconfig; name = "Pods-ExcludedArchDemo.debug.xcconfig"; path = "Target Support Files/Pods-ExcludedArchDemo/Pods-ExcludedArchDemo.debug.xcconfig"; sourceTree = "<group>"; };
		C94ADAB9927DA6EC6E14FB00 /* Pods-ExcludedArchDemo.release.xcconfig */ = {isa = PBXFileReference; includeInIndex = 1; lastKnownFileType = text.xcconfig; name = "Pods-ExcludedArchDemo.release.xcconfig"; path = "Target Support Files/Pods-ExcludedArchDemo/Pods-ExcludedArchDemo.release.xcconfig"; sourceTree = "<group>"; };
		DE4410243073DA7DCAEB3A9B /* Pods_ExcludedArchDemo.framework */ = {isa = PBXFileReference; explicitFileType = wrapper.framework; includeInIndex = 0; path = Pods_ExcludedArchDemo.framework; sourceTree = BUILT_PRODUCTS_DIR; };
/* End PBXFileReference section */

/* Begin PBXFrameworksBuildPhase section */
		3D78C7C12A32D73E004B7660 /* Frameworks */ = {
			isa = PBXFrameworksBuildPhase;
			buildActionMask = 2147483647;
			files = (
				532A7160A3AC79A6C007C015 /* Pods_ExcludedArchDemo.framework in Frameworks */,
				3D725BD02A32D95E003AA6AB /* Core in Frameworks */,
			);
			runOnlyForDeploymentPostprocessing = 0;
		};
/* End PBXFrameworksBuildPhase section */

/* Begin PBXGroup section */
		3D78C7BB2A32D73E004B7660 = {
			isa = PBXGroup;
			children = (
				3D78C7C62A32D73E004B7660 /* ExcludedArchDemo */,
				3D78C7C52A32D73E004B7660 /* Products */,
				C0ADD841A92A91BFB709B2BF /* Pods */,
				A47DFE10AB50FBAFD74359C3 /* Frameworks */,
			);
			sourceTree = "<group>";
		};
		3D78C7C52A32D73E004B7660 /* Products */ = {
			isa = PBXGroup;
			children = (
				3D78C7C42A32D73E004B7660 /* ExcludedArchDemo.app */,
			);
			name = Products;
			sourceTree = "<group>";
		};
		3D78C7C62A32D73E004B7660 /* ExcludedArchDemo */ = {
			isa = PBXGroup;
			children = (
				3D78C7C72A32D73E004B7660 /* AppDelegate.swift */,
				3D78C7C92A32D73E004B7660 /* SceneDelegate.swift */,
				3D78C7CB2A32D73E004B7660 /* ViewController.swift */,
				3D78C7CD2A32D73E004B7660 /* Main.storyboard */,
				3D78C7D02A32D73F004B7660 /* Assets.xcassets */,
				3D78C7D22A32D73F004B7660 /* LaunchScreen.storyboard */,
				3D78C7D52A32D73F004B7660 /* Info.plist */,
			);
			path = ExcludedArchDemo;
			sourceTree = "<group>";
		};
		A47DFE10AB50FBAFD74359C3 /* Frameworks */ = {
			isa = PBXGroup;
			children = (
				DE4410243073DA7DCAEB3A9B /* Pods_ExcludedArchDemo.framework */,
			);
			name = Frameworks;
			sourceTree = "<group>";
		};
		C0ADD841A92A91BFB709B2BF /* Pods */ = {
			isa = PBXGroup;
			children = (
				878670B4A2677A79EA79F29A /* Pods-ExcludedArchDemo.debug.xcconfig */,
				C94ADAB9927DA6EC6E14FB00 /* Pods-ExcludedArchDemo.release.xcconfig */,
			);
			path = Pods;
			sourceTree = "<group>";
		};
/* End PBXGroup section */

/* Begin PBXNativeTarget section */
		3D78C7C32A32D73E004B7660 /* ExcludedArchDemo */ = {
			isa = PBXNativeTarget;
			buildConfigurationList = 3D78C7D82A32D73F004B7660 /* Build configuration list for PBXNativeTarget "ExcludedArchDemo" */;
			buildPhases = (
				3BC72B942A6712044DA885AE /* [CP] Check Pods Manifest.lock */,
				3D78C7C02A32D73E004B7660 /* Sources */,
				3D78C7C12A32D73E004B7660 /* Frameworks */,
				3D78C7C22A32D73E004B7660 /* Resources */,
				98C1203046BA0C5942311B2C /* [CP] Embed Pods Frameworks */,
				16C1B3E81B460D9AC6AA1BF7 /* [CP] Copy Pods Resources */,
			);
			buildRules = (
			);
			dependencies = (
			);
			name = ExcludedArchDemo;
			packageProductDependencies = (
				3D725BCF2A32D95E003AA6AB /* Core */,
			);
			productName = ExcludedArchDemo;
			productReference = 3D78C7C42A32D73E004B7660 /* ExcludedArchDemo.app */;
			productType = "com.apple.product-type.application";
		};
/* End PBXNativeTarget section */

/* Begin PBXProject section */
		3D78C7BC2A32D73E004B7660 /* Project object */ = {
			isa = PBXProject;
			attributes = {
				BuildIndependentTargetsInParallel = 1;
				LastSwiftUpdateCheck = 1430;
				LastUpgradeCheck = 1430;
				TargetAttributes = {
					3D78C7C32A32D73E004B7660 = {
						CreatedOnToolsVersion = 14.3;
					};
				};
			};
			buildConfigurationList = 3D78C7BF2A32D73E004B7660 /* Build configuration list for PBXProject "ExcludedArchDemo" */;
			compatibilityVersion = "Xcode 14.0";
			developmentRegion = en;
			hasScannedForEncodings = 0;
			knownRegions = (
				en,
				Base,
			);
			mainGroup = 3D78C7BB2A32D73E004B7660;
			productRefGroup = 3D78C7C52A32D73E004B7660 /* Products */;
			projectDirPath = "";
			projectRoot = "";
			targets = (
				3D78C7C32A32D73E004B7660 /* ExcludedArchDemo */,
			);
		};
/* End PBXProject section */

/* Begin PBXResourcesBuildPhase section */
		3D78C7C22A32D73E004B7660 /* Resources */ = {
			isa = PBXResourcesBuildPhase;
			buildActionMask = 2147483647;
			files = (
				3D78C7D42A32D73F004B7660 /* LaunchScreen.storyboard in Resources */,
				3D78C7D12A32D73F004B7660 /* Assets.xcassets in Resources */,
				3D78C7CF2A32D73E004B7660 /* Main.storyboard in Resources */,
			);
			runOnlyForDeploymentPostprocessing = 0;
		};
/* End PBXResourcesBuildPhase section */

/* Begin PBXShellScriptBuildPhase section */
		16C1B3E81B460D9AC6AA1BF7 /* [CP] Copy Pods Resources */ = {
			isa = PBXShellScriptBuildPhase;
			buildActionMask = 2147483647;
			files = (
			);
			inputFileListPaths = (
				"${PODS_ROOT}/Target Support Files/Pods-ExcludedArchDemo/Pods-ExcludedArchDemo-resources-${CONFIGURATION}-input-files.xcfilelist",
			);
			name = "[CP] Copy Pods Resources";
			outputFileListPaths = (
				"${PODS_ROOT}/Target Support Files/Pods-ExcludedArchDemo/Pods-ExcludedArchDemo-resources-${CONFIGURATION}-output-files.xcfilelist",
			);
			runOnlyForDeploymentPostprocessing = 0;
			shellPath = /bin/sh;
			shellScript = "\"${PODS_ROOT}/Target Support Files/Pods-ExcludedArchDemo/Pods-ExcludedArchDemo-resources.sh\"\n";
			showEnvVarsInLog = 0;
		};
		3BC72B942A6712044DA885AE /* [CP] Check Pods Manifest.lock */ = {
			isa = PBXShellScriptBuildPhase;
			buildActionMask = 2147483647;
			files = (
			);
			inputFileListPaths = (
			);
			inputPaths = (
				"${PODS_PODFILE_DIR_PATH}/Podfile.lock",
				"${PODS_ROOT}/Manifest.lock",
			);
			name = "[CP] Check Pods Manifest.lock";
			outputFileListPaths = (
			);
			outputPaths = (
				"$(DERIVED_FILE_DIR)/Pods-ExcludedArchDemo-checkManifestLockResult.txt",
			);
			runOnlyForDeploymentPostprocessing = 0;
			shellPath = /bin/sh;
			shellScript = "diff \"${PODS_PODFILE_DIR_PATH}/Podfile.lock\" \"${PODS_ROOT}/Manifest.lock\" > /dev/null\nif [ $? != 0 ] ; then\n    # print error to STDERR\n    echo \"error: The sandbox is not in sync with the Podfile.lock. Run 'pod install' or update your CocoaPods installation.\" >&2\n    exit 1\nfi\n# This output is used by Xcode 'outputs' to avoid re-running this script phase.\necho \"SUCCESS\" > \"${SCRIPT_OUTPUT_FILE_0}\"\n";
			showEnvVarsInLog = 0;
		};
		98C1203046BA0C5942311B2C /* [CP] Embed Pods Frameworks */ = {
			isa = PBXShellScriptBuildPhase;
			buildActionMask = 2147483647;
			files = (
			);
			inputFileListPaths = (
				"${PODS_ROOT}/Target Support Files/Pods-ExcludedArchDemo/Pods-ExcludedArchDemo-frameworks-${CONFIGURATION}-input-files.xcfilelist",
			);
			name = "[CP] Embed Pods Frameworks";
			outputFileListPaths = (
				"${PODS_ROOT}/Target Support Files/Pods-ExcludedArchDemo/Pods-ExcludedArchDemo-frameworks-${CONFIGURATION}-output-files.xcfilelist",
			);
			runOnlyForDeploymentPostprocessing = 0;
			shellPath = /bin/sh;
			shellScript = "\"${PODS_ROOT}/Target Support Files/Pods-ExcludedArchDemo/Pods-ExcludedArchDemo-frameworks.sh\"\n";
			showEnvVarsInLog = 0;
		};
/* End PBXShellScriptBuildPhase section */

/* Begin PBXSourcesBuildPhase section */
		3D78C7C02A32D73E004B7660 /* Sources */ = {
			isa = PBXSourcesBuildPhase;
			buildActionMask = 2147483647;
			files = (
				3D78C7CC2A32D73E004B7660 /* ViewController.swift in Sources */,
				3D78C7C82A32D73E004B7660 /* AppDelegate.swift in Sources */,
				3D78C7CA2A32D73E004B7660 /* SceneDelegate.swift in Sources */,
			);
			runOnlyForDeploymentPostprocessing = 0;
		};
/* End PBXSourcesBuildPhase section */

/* Begin PBXVariantGroup section */
		3D78C7CD2A32D73E004B7660 /* Main.storyboard */ = {
			isa = PBXVariantGroup;
			children = (
				3D78C7CE2A32D73E004B7660 /* Base */,
			);
			name = Main.storyboard;
			sourceTree = "<group>";
		};
		3D78C7D22A32D73F004B7660 /* LaunchScreen.storyboard */ = {
			isa = PBXVariantGroup;
			children = (
				3D78C7D32A32D73F004B7660 /* Base */,
			);
			name = LaunchScreen.storyboard;
			sourceTree = "<group>";
		};
/* End PBXVariantGroup section */

/* Begin XCBuildConfiguration section */
		3D78C7D62A32D73F004B7660 /* Debug */ = {
			isa = XCBuildConfiguration;
			buildSettings = {
				ALWAYS_SEARCH_USER_PATHS = NO;
				CLANG_ANALYZER_NONNULL = YES;
				CLANG_ANALYZER_NUMBER_OBJECT_CONVERSION = YES_AGGRESSIVE;
				CLANG_CXX_LANGUAGE_STANDARD = "gnu++20";
				CLANG_ENABLE_MODULES = YES;
				CLANG_ENABLE_OBJC_ARC = YES;
				CLANG_ENABLE_OBJC_WEAK = YES;
				CLANG_WARN_BLOCK_CAPTURE_AUTORELEASING = YES;
				CLANG_WARN_BOOL_CONVERSION = YES;
				CLANG_WARN_COMMA = YES;
				CLANG_WARN_CONSTANT_CONVERSION = YES;
				CLANG_WARN_DEPRECATED_OBJC_IMPLEMENTATIONS = YES;
				CLANG_WARN_DIRECT_OBJC_ISA_USAGE = YES_ERROR;
				CLANG_WARN_DOCUMENTATION_COMMENTS = YES;
				CLANG_WARN_EMPTY_BODY = YES;
				CLANG_WARN_ENUM_CONVERSION = YES;
				CLANG_WARN_INFINITE_RECURSION = YES;
				CLANG_WARN_INT_CONVERSION = YES;
				CLANG_WARN_NON_LITERAL_NULL_CONVERSION = YES;
				CLANG_WARN_OBJC_IMPLICIT_RETAIN_SELF = YES;
				CLANG_WARN_OBJC_LITERAL_CONVERSION = YES;
				CLANG_WARN_OBJC_ROOT_CLASS = YES_ERROR;
				CLANG_WARN_QUOTED_INCLUDE_IN_FRAMEWORK_HEADER = YES;
				CLANG_WARN_RANGE_LOOP_ANALYSIS = YES;
				CLANG_WARN_STRICT_PROTOTYPES = YES;
				CLANG_WARN_SUSPICIOUS_MOVE = YES;
				CLANG_WARN_UNGUARDED_AVAILABILITY = YES_AGGRESSIVE;
				CLANG_WARN_UNREACHABLE_CODE = YES;
				CLANG_WARN__DUPLICATE_METHOD_MATCH = YES;
				COPY_PHASE_STRIP = NO;
				DEBUG_INFORMATION_FORMAT = dwarf;
				ENABLE_STRICT_OBJC_MSGSEND = YES;
				ENABLE_TESTABILITY = YES;
				GCC_C_LANGUAGE_STANDARD = gnu11;
				GCC_DYNAMIC_NO_PIC = NO;
				GCC_NO_COMMON_BLOCKS = YES;
				GCC_OPTIMIZATION_LEVEL = 0;
				GCC_PREPROCESSOR_DEFINITIONS = (
					"DEBUG=1",
					"$(inherited)",
				);
				GCC_WARN_64_TO_32_BIT_CONVERSION = YES;
				GCC_WARN_ABOUT_RETURN_TYPE = YES_ERROR;
				GCC_WARN_UNDECLARED_SELECTOR = YES;
				GCC_WARN_UNINITIALIZED_AUTOS = YES_AGGRESSIVE;
				GCC_WARN_UNUSED_FUNCTION = YES;
				GCC_WARN_UNUSED_VARIABLE = YES;
				IPHONEOS_DEPLOYMENT_TARGET = 16.4;
				MTL_ENABLE_DEBUG_INFO = INCLUDE_SOURCE;
				MTL_FAST_MATH = YES;
				ONLY_ACTIVE_ARCH = YES;
				SDKROOT = iphoneos;
				SWIFT_ACTIVE_COMPILATION_CONDITIONS = DEBUG;
				SWIFT_OPTIMIZATION_LEVEL = "-Onone";
			};
			name = Debug;
		};
		3D78C7D72A32D73F004B7660 /* Release */ = {
			isa = XCBuildConfiguration;
			buildSettings = {
				ALWAYS_SEARCH_USER_PATHS = NO;
				CLANG_ANALYZER_NONNULL = YES;
				CLANG_ANALYZER_NUMBER_OBJECT_CONVERSION = YES_AGGRESSIVE;
				CLANG_CXX_LANGUAGE_STANDARD = "gnu++20";
				CLANG_ENABLE_MODULES = YES;
				CLANG_ENABLE_OBJC_ARC = YES;
				CLANG_ENABLE_OBJC_WEAK = YES;
				CLANG_WARN_BLOCK_CAPTURE_AUTORELEASING = YES;
				CLANG_WARN_BOOL_CONVERSION = YES;
				CLANG_WARN_COMMA = YES;
				CLANG_WARN_CONSTANT_CONVERSION = YES;
				CLANG_WARN_DEPRECATED_OBJC_IMPLEMENTATIONS = YES;
				CLANG_WARN_DIRECT_OBJC_ISA_USAGE = YES_ERROR;
				CLANG_WARN_DOCUMENTATION_COMMENTS = YES;
				CLANG_WARN_EMPTY_BODY = YES;
				CLANG_WARN_ENUM_CONVERSION = YES;
				CLANG_WARN_INFINITE_RECURSION = YES;
				CLANG_WARN_INT_CONVERSION = YES;
				CLANG_WARN_NON_LITERAL_NULL_CONVERSION = YES;
				CLANG_WARN_OBJC_IMPLICIT_RETAIN_SELF = YES;
				CLANG_WARN_OBJC_LITERAL_CONVERSION = YES;
				CLANG_WARN_OBJC_ROOT_CLASS = YES_ERROR;
				CLANG_WARN_QUOTED_INCLUDE_IN_FRAMEWORK_HEADER = YES;
				CLANG_WARN_RANGE_LOOP_ANALYSIS = YES;
				CLANG_WARN_STRICT_PROTOTYPES = YES;
				CLANG_WARN_SUSPICIOUS_MOVE = YES;
				CLANG_WARN_UNGUARDED_AVAILABILITY = YES_AGGRESSIVE;
				CLANG_WARN_UNREACHABLE_CODE = YES;
				CLANG_WARN__DUPLICATE_METHOD_MATCH = YES;
				COPY_PHASE_STRIP = NO;
				DEBUG_INFORMATION_FORMAT = "dwarf-with-dsym";
				ENABLE_NS_ASSERTIONS = NO;
				ENABLE_STRICT_OBJC_MSGSEND = YES;
				GCC_C_LANGUAGE_STANDARD = gnu11;
				GCC_NO_COMMON_BLOCKS = YES;
				GCC_WARN_64_TO_32_BIT_CONVERSION = YES;
				GCC_WARN_ABOUT_RETURN_TYPE = YES_ERROR;
				GCC_WARN_UNDECLARED_SELECTOR = YES;
				GCC_WARN_UNINITIALIZED_AUTOS = YES_AGGRESSIVE;
				GCC_WARN_UNUSED_FUNCTION = YES;
				GCC_WARN_UNUSED_VARIABLE = YES;
				IPHONEOS_DEPLOYMENT_TARGET = 16.4;
				MTL_ENABLE_DEBUG_INFO = NO;
				MTL_FAST_MATH = YES;
				SDKROOT = iphoneos;
				SWIFT_COMPILATION_MODE = wholemodule;
				SWIFT_OPTIMIZATION_LEVEL = "-O";
				VALIDATE_PRODUCT = YES;
			};
			name = Release;
		};
		3D78C7D92A32D73F004B7660 /* Debug */ = {
			isa = XCBuildConfiguration;
			baseConfigurationReference = 878670B4A2677A79EA79F29A /* Pods-ExcludedArchDemo.debug.xcconfig */;
			buildSettings = {
				ASSETCATALOG_COMPILER_APPICON_NAME = AppIcon;
				ASSETCATALOG_COMPILER_GLOBAL_ACCENT_COLOR_NAME = AccentColor;
				CODE_SIGN_STYLE = Automatic;
				CURRENT_PROJECT_VERSION = 1;
				DEVELOPMENT_TEAM = 5UQ8VCGM39;
				"EXCLUDED_ARCHS[sdk=iphonesimulator*]" = arm64;
				GENERATE_INFOPLIST_FILE = YES;
				INFOPLIST_FILE = ExcludedArchDemo/Info.plist;
				INFOPLIST_KEY_UIApplicationSupportsIndirectInputEvents = YES;
				INFOPLIST_KEY_UILaunchStoryboardName = LaunchScreen;
				INFOPLIST_KEY_UIMainStoryboardFile = Main;
				INFOPLIST_KEY_UISupportedInterfaceOrientations_iPad = "UIInterfaceOrientationPortrait UIInterfaceOrientationPortraitUpsideDown UIInterfaceOrientationLandscapeLeft UIInterfaceOrientationLandscapeRight";
				INFOPLIST_KEY_UISupportedInterfaceOrientations_iPhone = "UIInterfaceOrientationPortrait UIInterfaceOrientationLandscapeLeft UIInterfaceOrientationLandscapeRight";
				IPHONEOS_DEPLOYMENT_TARGET = 15.0;
				LD_RUNPATH_SEARCH_PATHS = (
					"$(inherited)",
					"@executable_path/Frameworks",
				);
				MARKETING_VERSION = 1.0;
				PRODUCT_BUNDLE_IDENTIFIER = co.alphaexploration.ExcludedArchDemo;
				PRODUCT_NAME = "$(TARGET_NAME)";
				SWIFT_EMIT_LOC_STRINGS = YES;
				SWIFT_VERSION = 5.0;
				TARGETED_DEVICE_FAMILY = "1,2";
			};
			name = Debug;
		};
		3D78C7DA2A32D73F004B7660 /* Release */ = {
			isa = XCBuildConfiguration;
			baseConfigurationReference = C94ADAB9927DA6EC6E14FB00 /* Pods-ExcludedArchDemo.release.xcconfig */;
			buildSettings = {
				ASSETCATALOG_COMPILER_APPICON_NAME = AppIcon;
				ASSETCATALOG_COMPILER_GLOBAL_ACCENT_COLOR_NAME = AccentColor;
				CODE_SIGN_STYLE = Automatic;
				CURRENT_PROJECT_VERSION = 1;
				DEVELOPMENT_TEAM = 5UQ8VCGM39;
				"EXCLUDED_ARCHS[sdk=iphonesimulator*]" = arm64;
				GENERATE_INFOPLIST_FILE = YES;
				INFOPLIST_FILE = ExcludedArchDemo/Info.plist;
				INFOPLIST_KEY_UIApplicationSupportsIndirectInputEvents = YES;
				INFOPLIST_KEY_UILaunchStoryboardName = LaunchScreen;
				INFOPLIST_KEY_UIMainStoryboardFile = Main;
				INFOPLIST_KEY_UISupportedInterfaceOrientations_iPad = "UIInterfaceOrientationPortrait UIInterfaceOrientationPortraitUpsideDown UIInterfaceOrientationLandscapeLeft UIInterfaceOrientationLandscapeRight";
				INFOPLIST_KEY_UISupportedInterfaceOrientations_iPhone = "UIInterfaceOrientationPortrait UIInterfaceOrientationLandscapeLeft UIInterfaceOrientationLandscapeRight";
				IPHONEOS_DEPLOYMENT_TARGET = 15.0;
				LD_RUNPATH_SEARCH_PATHS = (
					"$(inherited)",
					"@executable_path/Frameworks",
				);
				MARKETING_VERSION = 1.0;
				PRODUCT_BUNDLE_IDENTIFIER = co.alphaexploration.ExcludedArchDemo;
				PRODUCT_NAME = "$(TARGET_NAME)";
				SWIFT_EMIT_LOC_STRINGS = YES;
				SWIFT_VERSION = 5.0;
				TARGETED_DEVICE_FAMILY = "1,2";
			};
			name = Release;
		};
/* End XCBuildConfiguration section */

/* Begin XCConfigurationList section */
		3D78C7BF2A32D73E004B7660 /* Build configuration list for PBXProject "ExcludedArchDemo" */ = {
			isa = XCConfigurationList;
			buildConfigurations = (
				3D78C7D62A32D73F004B7660 /* Debug */,
				3D78C7D72A32D73F004B7660 /* Release */,
			);
			defaultConfigurationIsVisible = 0;
			defaultConfigurationName = Release;
		};
		3D78C7D82A32D73F004B7660 /* Build configuration list for PBXNativeTarget "ExcludedArchDemo" */ = {
			isa = XCConfigurationList;
			buildConfigurations = (
				3D78C7D92A32D73F004B7660 /* Debug */,
				3D78C7DA2A32D73F004B7660 /* Release */,
			);
			defaultConfigurationIsVisible = 0;
			defaultConfigurationName = Release;
		};
/* End XCConfigurationList section */

/* Begin XCSwiftPackageProductDependency section */
		3D725BCF2A32D95E003AA6AB /* Core */ = {
			isa = XCSwiftPackageProductDependency;
			productName = Core;
		};
/* End XCSwiftPackageProductDependency section */
	};
	rootObject = 3D78C7BC2A32D73E004B7660 /* Project object */;
}
